{
  "name": "repair-manager-ui-automation",
  "version": "1.0.0",
  "lockfileVersion": 2,
  "requires": true,
  "packages": {
    "": {
      "name": "repair-manager-ui-automation",
      "version": "1.0.0",
      "license": "ISC",
      "devDependencies": {
        "@playwright/test": "~1.29.1"
      }
    },
    "node_modules/@playwright/test": {
      "version": "1.29.1",
      "resolved": "http://repo.aws.int:8081/artifactory/api/npm/npm-repo/@playwright/test/-/test-1.29.1.tgz",
      "integrity": "sha1-8u1NwUO5x4JaetJwOy8axDVOEUU=",
      "dev": true,
      "dependencies": {
        "@types/node": "*",
        "playwright-core": "1.29.1"
      },
      "bin": {
        "playwright": "cli.js"
      },
      "engines": {
        "node": ">=14"
      }
    },
    "node_modules/@playwright/test/node_modules/playwright-core": {
      "version": "1.29.1",
      "resolved": "http://repo.aws.int:8081/artifactory/api/npm/npm-repo/playwright-core/-/playwright-core-1.29.1.tgz",
      "integrity": "sha1-nsFdYcS9Lzht32zgENtToDA0Wkc=",
      "dev": true,
      "bin": {
        "playwright": "cli.js"
      },
      "engines": {
        "node": ">=14"
      }
    },
    "node_modules/@types/node": {
      "version": "18.11.18",
      "resolved": "http://repo.aws.int:8081/artifactory/api/npm/npm-repo/@types/node/-/node-18.11.18.tgz",
      "integrity": "sha1-jfuX8Nojwik+VUxaUNYe8TTXaX8=",
      "dev": true
    }
  },
  "dependencies": {
    "@playwright/test": {
      "version": "1.29.1",
      "resolved": "http://repo.aws.int:8081/artifactory/api/npm/npm-repo/@playwright/test/-/test-1.29.1.tgz",
      "integrity": "sha1-8u1NwUO5x4JaetJwOy8axDVOEUU=",
      "dev": true,
      "requires": {
        "@types/node": "*",
        "playwright-core": "1.29.1"
      },
      "dependencies": {
        "playwright-core": {
          "version": "1.29.1",
          "resolved": "http://repo.aws.int:8081/artifactory/api/npm/npm-repo/playwright-core/-/playwright-core-1.29.1.tgz",
          "integrity": "sha1-nsFdYcS9Lzht32zgENtToDA0Wkc=",
          "dev": true
        }
      }
    },
    "@types/node": {
      "version": "18.11.18",
      "resolved": "http://repo.aws.int:8081/artifactory/api/npm/npm-repo/@types/node/-/node-18.11.18.tgz",
      "integrity": "sha1-jfuX8Nojwik+VUxaUNYe8TTXaX8=",
      "dev": true
    }
  }
}
